
Microsoft Visual Studio Solution File, Format Version 12.00
# Visual Studio 16
Project("{FAE04EC0-301F-11D3-BF4B-00C04F79EFBC}") = "Assembly-CSharp", "Assembly-CSharp.csproj", "{9B1CA9C0-4E08-2E52-C1D0-33C9CFFAE004}"
EndProject
Project("{FAE04EC0-301F-11D3-BF4B-00C04F79EFBC}") = "Assembly-CSharp-Editor", "Assembly-CSharp-Editor.csproj", "{864799B7-7AF6-A393-EB95-70F88907B926}"
EndProject
Global
	GlobalSection(SolutionConfigurationPlatforms) = preSolution
		Debug|Any CPU = Debug|Any CPU
		Release|Any CPU = Release|Any CPU
	EndGlobalSection
	GlobalSection(ProjectConfigurationPlatforms) = postSolution
		{9B1CA9C0-4E08-2E52-C1D0-33C9CFFAE004}.Debug|Any CPU.ActiveCfg = Debug|Any CPU
		{9B1CA9C0-4E08-2E52-C1D0-33C9CFFAE004}.Debug|Any CPU.Build.0 = Debug|Any CPU
		{9B1CA9C0-4E08-2E52-C1D0-33C9CFFAE004}.Release|Any CPU.ActiveCfg = Release|Any CPU
		{9B1CA9C0-4E08-2E52-C1D0-33C9CFFAE004}.Release|Any CPU.Build.0 = Release|Any CPU
		{864799B7-7AF6-A393-EB95-70F88907B926}.Debug|Any CPU.ActiveCfg = Debug|Any CPU
		{864799B7-7AF6-A393-EB95-70F88907B926}.Debug|Any CPU.Build.0 = Debug|Any CPU
		{864799B7-7AF6-A393-EB95-70F88907B926}.Release|Any CPU.ActiveCfg = Release|Any CPU
		{864799B7-7AF6-A393-EB95-70F88907B926}.Release|Any CPU.Build.0 = Release|Any CPU
	EndGlobalSection
	GlobalSection(SolutionProperties) = preSolution
		HideSolutionNode = FALSE
	EndGlobalSection
EndGlobal
